// !$*UTF8*$!
{
	archiveVersion = 1;
	classes = {
	};
	objectVersion = 50;
	objects = {

/* Begin PBXBuildFile section */
		82574F9A2537B98A00EE3718 /* AppDelegate.swift in Sources */ = {isa = PBXBuildFile; fileRef = 82574F992537B98A00EE3718 /* AppDelegate.swift */; };
		82574F9C2537B98A00EE3718 /* SceneDelegate.swift in Sources */ = {isa = PBXBuildFile; fileRef = 82574F9B2537B98A00EE3718 /* SceneDelegate.swift */; };
		82574F9E2537B98A00EE3718 /* ContentView.swift in Sources */ = {isa = PBXBuildFile; fileRef = 82574F9D2537B98A00EE3718 /* ContentView.swift */; };
		82574FA02537B98C00EE3718 /* Assets.xcassets in Resources */ = {isa = PBXBuildFile; fileRef = 82574F9F2537B98C00EE3718 /* Assets.xcassets */; };
		82574FA32537B98C00EE3718 /* Preview Assets.xcassets in Resources */ = {isa = PBXBuildFile; fileRef = 82574FA22537B98C00EE3718 /* Preview Assets.xcassets */; };
		82574FA62537B98C00EE3718 /* LaunchScreen.storyboard in Resources */ = {isa = PBXBuildFile; fileRef = 82574FA42537B98C00EE3718 /* LaunchScreen.storyboard */; };
		82574FB12537B98C00EE3718 /* H4X0R_NewsTests.swift in Sources */ = {isa = PBXBuildFile; fileRef = 82574FB02537B98C00EE3718 /* H4X0R_NewsTests.swift */; };
		82574FBC2537B98C00EE3718 /* H4X0R_NewsUITests.swift in Sources */ = {isa = PBXBuildFile; fileRef = 82574FBB2537B98C00EE3718 /* H4X0R_NewsUITests.swift */; };
		82574FCE2537BC0100EE3718 /* NetworkManager.swift in Sources */ = {isa = PBXBuildFile; fileRef = 82574FCD2537BC0100EE3718 /* NetworkManager.swift */; };
		82574FD32537BD1B00EE3718 /* PostData.swift in Sources */ = {isa = PBXBuildFile; fileRef = 82574FD22537BD1B00EE3718 /* PostData.swift */; };
		82574FD92537C1D000EE3718 /* DetailView.swift in Sources */ = {isa = PBXBuildFile; fileRef = 82574FD82537C1D000EE3718 /* DetailView.swift */; };
		82574FE12537C57F00EE3718 /* WebView.swift in Sources */ = {isa = PBXBuildFile; fileRef = 82574FE02537C57F00EE3718 /* WebView.swift */; };
/* End PBXBuildFile section */

/* Begin PBXContainerItemProxy section */
		82574FAD2537B98C00EE3718 /* PBXContainerItemProxy */ = {
			isa = PBXContainerItemProxy;
			containerPortal = 82574F8E2537B98900EE3718 /* Project object */;
			proxyType = 1;
			remoteGlobalIDString = 82574F952537B98A00EE3718;
			remoteInfo = "H4X0R News";
		};
		82574FB82537B98C00EE3718 /* PBXContainerItemProxy */ = {
			isa = PBXContainerItemProxy;
			containerPortal = 82574F8E2537B98900EE3718 /* Project object */;
			proxyType = 1;
			remoteGlobalIDString = 82574F952537B98A00EE3718;
			remoteInfo = "H4X0R News";
		};
/* End PBXContainerItemProxy section */

/* Begin PBXFileReference section */
		82574F962537B98A00EE3718 /* H4X0R News.app */ = {isa = PBXFileReference; explicitFileType = wrapper.application; includeInIndex = 0; path = "H4X0R News.app"; sourceTree = BUILT_PRODUCTS_DIR; };
		82574F992537B98A00EE3718 /* AppDelegate.swift */ = {isa = PBXFileReference; lastKnownFileType = sourcecode.swift; path = AppDelegate.swift; sourceTree = "<group>"; };
		82574F9B2537B98A00EE3718 /* SceneDelegate.swift */ = {isa = PBXFileReference; lastKnownFileType = sourcecode.swift; path = SceneDelegate.swift; sourceTree = "<group>"; };
		82574F9D2537B98A00EE3718 /* ContentView.swift */ = {isa = PBXFileReference; lastKnownFileType = sourcecode.swift; path = ContentView.swift; sourceTree = "<group>"; };
		82574F9F2537B98C00EE3718 /* Assets.xcassets */ = {isa = PBXFileReference; lastKnownFileType = folder.assetcatalog; path = Assets.xcassets; sourceTree = "<group>"; };
		82574FA22537B98C00EE3718 /* Preview Assets.xcassets */ = {isa = PBXFileReference; lastKnownFileType = folder.assetcatalog; path = "Preview Assets.xcassets"; sourceTree = "<group>"; };
		82574FA52537B98C00EE3718 /* Base */ = {isa = PBXFileReference; lastKnownFileType = file.storyboard; name = Base; path = Base.lproj/LaunchScreen.storyboard; sourceTree = "<group>"; };
		82574FA72537B98C00EE3718 /* Info.plist */ = {isa = PBXFileReference; lastKnownFileType = text.plist.xml; path = Info.plist; sourceTree = "<group>"; };
		82574FAC2537B98C00EE3718 /* H4X0R NewsTests.xctest */ = {isa = PBXFileReference; explicitFileType = wrapper.cfbundle; includeInIndex = 0; path = "H4X0R NewsTests.xctest"; sourceTree = BUILT_PRODUCTS_DIR; };
		82574FB02537B98C00EE3718 /* H4X0R_NewsTests.swift */ = {isa = PBXFileReference; lastKnownFileType = sourcecode.swift; path = H4X0R_NewsTests.swift; sourceTree = "<group>"; };
		82574FB22537B98C00EE3718 /* Info.plist */ = {isa = PBXFileReference; lastKnownFileType = text.plist.xml; path = Info.plist; sourceTree = "<group>"; };
		82574FB72537B98C00EE3718 /* H4X0R NewsUITests.xctest */ = {isa = PBXFileReference; explicitFileType = wrapper.cfbundle; includeInIndex = 0; path = "H4X0R NewsUITests.xctest"; sourceTree = BUILT_PRODUCTS_DIR; };
		82574FBB2537B98C00EE3718 /* H4X0R_NewsUITests.swift */ = {isa = PBXFileReference; lastKnownFileType = sourcecode.swift; path = H4X0R_NewsUITests.swift; sourceTree = "<group>"; };
		82574FBD2537B98C00EE3718 /* Info.plist */ = {isa = PBXFileReference; lastKnownFileType = text.plist.xml; path = Info.plist; sourceTree = "<group>"; };
		82574FCD2537BC0100EE3718 /* NetworkManager.swift */ = {isa = PBXFileReference; lastKnownFileType = sourcecode.swift; path = NetworkManager.swift; sourceTree = "<group>"; };
		82574FD22537BD1B00EE3718 /* PostData.swift */ = {isa = PBXFileReference; lastKnownFileType = sourcecode.swift; path = PostData.swift; sourceTree = "<group>"; };
		82574FD82537C1D000EE3718 /* DetailView.swift */ = {isa = PBXFileReference; lastKnownFileType = sourcecode.swift; path = DetailView.swift; sourceTree = "<group>"; };
		82574FE02537C57F00EE3718 /* WebView.swift */ = {isa = PBXFileReference; lastKnownFileType = sourcecode.swift; path = WebView.swift; sourceTree = "<group>"; };
		82574FE52537C6ED00EE3718 /* H4X0R News.entitlements */ = {isa = PBXFileReference; lastKnownFileType = text.plist.entitlements; path = "H4X0R News.entitlements"; sourceTree = "<group>"; };
/* End PBXFileReference section */

/* Begin PBXFrameworksBuildPhase section */
		82574F932537B98A00EE3718 /* Frameworks */ = {
			isa = PBXFrameworksBuildPhase;
			buildActionMask = 2147483647;
			files = (
			);
			runOnlyForDeploymentPostprocessing = 0;
		};
		82574FA92537B98C00EE3718 /* Frameworks */ = {
			isa = PBXFrameworksBuildPhase;
			buildActionMask = 2147483647;
			files = (
			);
			runOnlyForDeploymentPostprocessing = 0;
		};
		82574FB42537B98C00EE3718 /* Frameworks */ = {
			isa = PBXFrameworksBuildPhase;
			buildActionMask = 2147483647;
			files = (
			);
			runOnlyForDeploymentPostprocessing = 0;
		};
/* End PBXFrameworksBuildPhase section */

/* Begin PBXGroup section */
		82574F8D2537B98900EE3718 = {
			isa = PBXGroup;
			children = (
				82574F982537B98A00EE3718 /* H4X0R News */,
				82574FAF2537B98C00EE3718 /* H4X0R NewsTests */,
				82574FBA2537B98C00EE3718 /* H4X0R NewsUITests */,
				82574F972537B98A00EE3718 /* Products */,
			);
			sourceTree = "<group>";
		};
		82574F972537B98A00EE3718 /* Products */ = {
			isa = PBXGroup;
			children = (
				82574F962537B98A00EE3718 /* H4X0R News.app */,
				82574FAC2537B98C00EE3718 /* H4X0R NewsTests.xctest */,
				82574FB72537B98C00EE3718 /* H4X0R NewsUITests.xctest */,
			);
			name = Products;
			sourceTree = "<group>";
		};
		82574F982537B98A00EE3718 /* H4X0R News */ = {
			isa = PBXGroup;
			children = (
				82574FE52537C6ED00EE3718 /* H4X0R News.entitlements */,
				82574FD72537C1BB00EE3718 /* Views */,
				82574FCC2537BBE600EE3718 /* Models */,
				82574F992537B98A00EE3718 /* AppDelegate.swift */,
				82574F9B2537B98A00EE3718 /* SceneDelegate.swift */,
				82574F9D2537B98A00EE3718 /* ContentView.swift */,
				82574F9F2537B98C00EE3718 /* Assets.xcassets */,
				82574FA42537B98C00EE3718 /* LaunchScreen.storyboard */,
				82574FA72537B98C00EE3718 /* Info.plist */,
				82574FA12537B98C00EE3718 /* Preview Content */,
			);
			path = "H4X0R News";
			sourceTree = "<group>";
		};
		82574FA12537B98C00EE3718 /* Preview Content */ = {
			isa = PBXGroup;
			children = (
				82574FA22537B98C00EE3718 /* Preview Assets.xcassets */,
			);
			path = "Preview Content";
			sourceTree = "<group>";
		};
		82574FAF2537B98C00EE3718 /* H4X0R NewsTests */ = {
			isa = PBXGroup;
			children = (
				82574FB02537B98C00EE3718 /* H4X0R_NewsTests.swift */,
				82574FB22537B98C00EE3718 /* Info.plist */,
			);
			path = "H4X0R NewsTests";
			sourceTree = "<group>";
		};
		82574FBA2537B98C00EE3718 /* H4X0R NewsUITests */ = {
			isa = PBXGroup;
			children = (
				82574FBB2537B98C00EE3718 /* H4X0R_NewsUITests.swift */,
				82574FBD2537B98C00EE3718 /* Info.plist */,
			);
			path = "H4X0R NewsUITests";
			sourceTree = "<group>";
		};
		82574FCC2537BBE600EE3718 /* Models */ = {
			isa = PBXGroup;
			children = (
				82574FCD2537BC0100EE3718 /* NetworkManager.swift */,
				82574FD22537BD1B00EE3718 /* PostData.swift */,
			);
			path = Models;
			sourceTree = "<group>";
		};
		82574FD72537C1BB00EE3718 /* Views */ = {
			isa = PBXGroup;
			children = (
				82574FD82537C1D000EE3718 /* DetailView.swift */,
				82574FE02537C57F00EE3718 /* WebView.swift */,
			);
			path = Views;
			sourceTree = "<group>";
		};
/* End PBXGroup section */

/* Begin PBXNativeTarget section */
		82574F952537B98A00EE3718 /* H4X0R News */ = {
			isa = PBXNativeTarget;
			buildConfigurationList = 82574FC02537B98C00EE3718 /* Build configuration list for PBXNativeTarget "H4X0R News" */;
			buildPhases = (
				82574F922537B98A00EE3718 /* Sources */,
				82574F932537B98A00EE3718 /* Frameworks */,
				82574F942537B98A00EE3718 /* Resources */,
			);
			buildRules = (
			);
			dependencies = (
			);
			name = "H4X0R News";
			productName = "H4X0R News";
			productReference = 82574F962537B98A00EE3718 /* H4X0R News.app */;
			productType = "com.apple.product-type.application";
		};
		82574FAB2537B98C00EE3718 /* H4X0R NewsTests */ = {
			isa = PBXNativeTarget;
			buildConfigurationList = 82574FC32537B98C00EE3718 /* Build configuration list for PBXNativeTarget "H4X0R NewsTests" */;
			buildPhases = (
				82574FA82537B98C00EE3718 /* Sources */,
				82574FA92537B98C00EE3718 /* Frameworks */,
				82574FAA2537B98C00EE3718 /* Resources */,
			);
			buildRules = (
			);
			dependencies = (
				82574FAE2537B98C00EE3718 /* PBXTargetDependency */,
			);
			name = "H4X0R NewsTests";
			productName = "H4X0R NewsTests";
			productReference = 82574FAC2537B98C00EE3718 /* H4X0R NewsTests.xctest */;
			productType = "com.apple.product-type.bundle.unit-test";
		};
		82574FB62537B98C00EE3718 /* H4X0R NewsUITests */ = {
			isa = PBXNativeTarget;
			buildConfigurationList = 82574FC62537B98C00EE3718 /* Build configuration list for PBXNativeTarget "H4X0R NewsUITests" */;
			buildPhases = (
				82574FB32537B98C00EE3718 /* Sources */,
				82574FB42537B98C00EE3718 /* Frameworks */,
				82574FB52537B98C00EE3718 /* Resources */,
			);
			buildRules = (
			);
			dependencies = (
				82574FB92537B98C00EE3718 /* PBXTargetDependency */,
			);
			name = "H4X0R NewsUITests";
			productName = "H4X0R NewsUITests";
			productReference = 82574FB72537B98C00EE3718 /* H4X0R NewsUITests.xctest */;
			productType = "com.apple.product-type.bundle.ui-testing";
		};
/* End PBXNativeTarget section */

/* Begin PBXProject section */
		82574F8E2537B98900EE3718 /* Project object */ = {
			isa = PBXProject;
			attributes = {
				LastSwiftUpdateCheck = 1200;
				LastUpgradeCheck = 1200;
				TargetAttributes = {
					82574F952537B98A00EE3718 = {
						CreatedOnToolsVersion = 12.0.1;
					};
					82574FAB2537B98C00EE3718 = {
						CreatedOnToolsVersion = 12.0.1;
						TestTargetID = 82574F952537B98A00EE3718;
					};
					82574FB62537B98C00EE3718 = {
						CreatedOnToolsVersion = 12.0.1;
						TestTargetID = 82574F952537B98A00EE3718;
					};
				};
			};
			buildConfigurationList = 82574F912537B98900EE3718 /* Build configuration list for PBXProject "H4X0R News" */;
			compatibilityVersion = "Xcode 9.3";
			developmentRegion = en;
			hasScannedForEncodings = 0;
			knownRegions = (
				en,
				Base,
			);
			mainGroup = 82574F8D2537B98900EE3718;
			productRefGroup = 82574F972537B98A00EE3718 /* Products */;
			projectDirPath = "";
			projectRoot = "";
			targets = (
				82574F952537B98A00EE3718 /* H4X0R News */,
				82574FAB2537B98C00EE3718 /* H4X0R NewsTests */,
				82574FB62537B98C00EE3718 /* H4X0R NewsUITests */,
			);
		};
/* End PBXProject section */

/* Begin PBXResourcesBuildPhase section */
		82574F942537B98A00EE3718 /* Resources */ = {
			isa = PBXResourcesBuildPhase;
			buildActionMask = 2147483647;
			files = (
				82574FA62537B98C00EE3718 /* LaunchScreen.storyboard in Resources */,
				82574FA32537B98C00EE3718 /* Preview Assets.xcassets in Resources */,
				82574FA02537B98C00EE3718 /* Assets.xcassets in Resources */,
			);
			runOnlyForDeploymentPostprocessing = 0;
		};
		82574FAA2537B98C00EE3718 /* Resources */ = {
			isa = PBXResourcesBuildPhase;
			buildActionMask = 2147483647;
			files = (
			);
			runOnlyForDeploymentPostprocessing = 0;
		};
		82574FB52537B98C00EE3718 /* Resources */ = {
			isa = PBXResourcesBuildPhase;
			buildActionMask = 2147483647;
			files = (
			);
			runOnlyForDeploymentPostprocessing = 0;
		};
/* End PBXResourcesBuildPhase section */

/* Begin PBXSourcesBuildPhase section */
		82574F922537B98A00EE3718 /* Sources */ = {
			isa = PBXSourcesBuildPhase;
			buildActionMask = 2147483647;
			files = (
				82574FD32537BD1B00EE3718 /* PostData.swift in Sources */,
				82574FD92537C1D000EE3718 /* DetailView.swift in Sources */,
				82574FCE2537BC0100EE3718 /* NetworkManager.swift in Sources */,
				82574F9A2537B98A00EE3718 /* AppDelegate.swift in Sources */,
				82574F9C2537B98A00EE3718 /* SceneDelegate.swift in Sources */,
				82574F9E2537B98A00EE3718 /* ContentView.swift in Sources */,
				82574FE12537C57F00EE3718 /* WebView.swift in Sources */,
			);
			runOnlyForDeploymentPostprocessing = 0;
		};
		82574FA82537B98C00EE3718 /* Sources */ = {
			isa = PBXSourcesBuildPhase;
			buildActionMask = 2147483647;
			files = (
				82574FB12537B98C00EE3718 /* H4X0R_NewsTests.swift in Sources */,
			);
			runOnlyForDeploymentPostprocessing = 0;
		};
		82574FB32537B98C00EE3718 /* Sources */ = {
			isa = PBXSourcesBuildPhase;
			buildActionMask = 2147483647;
			files = (
				82574FBC2537B98C00EE3718 /* H4X0R_NewsUITests.swift in Sources */,
			);
			runOnlyForDeploymentPostprocessing = 0;
		};
/* End PBXSourcesBuildPhase section */

/* Begin PBXTargetDependency section */
		82574FAE2537B98C00EE3718 /* PBXTargetDependency */ = {
			isa = PBXTargetDependency;
			target = 82574F952537B98A00EE3718 /* H4X0R News */;
			targetProxy = 82574FAD2537B98C00EE3718 /* PBXContainerItemProxy */;
		};
		82574FB92537B98C00EE3718 /* PBXTargetDependency */ = {
			isa = PBXTargetDependency;
			target = 82574F952537B98A00EE3718 /* H4X0R News */;
			targetProxy = 82574FB82537B98C00EE3718 /* PBXContainerItemProxy */;
		};
/* End PBXTargetDependency section */

/* Begin PBXVariantGroup section */
		82574FA42537B98C00EE3718 /* LaunchScreen.storyboard */ = {
			isa = PBXVariantGroup;
			children = (
				82574FA52537B98C00EE3718 /* Base */,
			);
			name = LaunchScreen.storyboard;
			sourceTree = "<group>";
		};
/* End PBXVariantGroup section */

/* Begin XCBuildConfiguration section */
		82574FBE2537B98C00EE3718 /* Debug */ = {
			isa = XCBuildConfiguration;
			buildSettings = {
				ALWAYS_SEARCH_USER_PATHS = NO;
				CLANG_ANALYZER_NONNULL = YES;
				CLANG_ANALYZER_NUMBER_OBJECT_CONVERSION = YES_AGGRESSIVE;
				CLANG_CXX_LANGUAGE_STANDARD = "gnu++14";
				CLANG_CXX_LIBRARY = "libc++";
				CLANG_ENABLE_MODULES = YES;
				CLANG_ENABLE_OBJC_ARC = YES;
				CLANG_ENABLE_OBJC_WEAK = YES;
				CLANG_WARN_BLOCK_CAPTURE_AUTORELEASING = YES;
				CLANG_WARN_BOOL_CONVERSION = YES;
				CLANG_WARN_COMMA = YES;
				CLANG_WARN_CONSTANT_CONVERSION = YES;
				CLANG_WARN_DEPRECATED_OBJC_IMPLEMENTATIONS = YES;
				CLANG_WARN_DIRECT_OBJC_ISA_USAGE = YES_ERROR;
				CLANG_WARN_DOCUMENTATION_COMMENTS = YES;
				CLANG_WARN_EMPTY_BODY = YES;
				CLANG_WARN_ENUM_CONVERSION = YES;
				CLANG_WARN_INFINITE_RECURSION = YES;
				CLANG_WARN_INT_CONVERSION = YES;
				CLANG_WARN_NON_LITERAL_NULL_CONVERSION = YES;
				CLANG_WARN_OBJC_IMPLICIT_RETAIN_SELF = YES;
				CLANG_WARN_OBJC_LITERAL_CONVERSION = YES;
				CLANG_WARN_OBJC_ROOT_CLASS = YES_ERROR;
				CLANG_WARN_QUOTED_INCLUDE_IN_FRAMEWORK_HEADER = YES;
				CLANG_WARN_RANGE_LOOP_ANALYSIS = YES;
				CLANG_WARN_STRICT_PROTOTYPES = YES;
				CLANG_WARN_SUSPICIOUS_MOVE = YES;
				CLANG_WARN_UNGUARDED_AVAILABILITY = YES_AGGRESSIVE;
				CLANG_WARN_UNREACHABLE_CODE = YES;
				CLANG_WARN__DUPLICATE_METHOD_MATCH = YES;
				COPY_PHASE_STRIP = NO;
				DEBUG_INFORMATION_FORMAT = dwarf;
				ENABLE_STRICT_OBJC_MSGSEND = YES;
				ENABLE_TESTABILITY = YES;
				GCC_C_LANGUAGE_STANDARD = gnu11;
				GCC_DYNAMIC_NO_PIC = NO;
				GCC_NO_COMMON_BLOCKS = YES;
				GCC_OPTIMIZATION_LEVEL = 0;
				GCC_PREPROCESSOR_DEFINITIONS = (
					"DEBUG=1",
					"$(inherited)",
				);
				GCC_WARN_64_TO_32_BIT_CONVERSION = YES;
				GCC_WARN_ABOUT_RETURN_TYPE = YES_ERROR;
				GCC_WARN_UNDECLARED_SELECTOR = YES;
				GCC_WARN_UNINITIALIZED_AUTOS = YES_AGGRESSIVE;
				GCC_WARN_UNUSED_FUNCTION = YES;
				GCC_WARN_UNUSED_VARIABLE = YES;
				IPHONEOS_DEPLOYMENT_TARGET = 14.0;
				MTL_ENABLE_DEBUG_INFO = INCLUDE_SOURCE;
				MTL_FAST_MATH = YES;
				ONLY_ACTIVE_ARCH = YES;
				SDKROOT = iphoneos;
				SWIFT_ACTIVE_COMPILATION_CONDITIONS = DEBUG;
				SWIFT_OPTIMIZATION_LEVEL = "-Onone";
			};
			name = Debug;
		};
		82574FBF2537B98C00EE3718 /* Release */ = {
			isa = XCBuildConfiguration;
			buildSettings = {
				ALWAYS_SEARCH_USER_PATHS = NO;
				CLANG_ANALYZER_NONNULL = YES;
				CLANG_ANALYZER_NUMBER_OBJECT_CONVERSION = YES_AGGRESSIVE;
				CLANG_CXX_LANGUAGE_STANDARD = "gnu++14";
				CLANG_CXX_LIBRARY = "libc++";
				CLANG_ENABLE_MODULES = YES;
				CLANG_ENABLE_OBJC_ARC = YES;
				CLANG_ENABLE_OBJC_WEAK = YES;
				CLANG_WARN_BLOCK_CAPTURE_AUTORELEASING = YES;
				CLANG_WARN_BOOL_CONVERSION = YES;
				CLANG_WARN_COMMA = YES;
				CLANG_WARN_CONSTANT_CONVERSION = YES;
				CLANG_WARN_DEPRECATED_OBJC_IMPLEMENTATIONS = YES;
				CLANG_WARN_DIRECT_OBJC_ISA_USAGE = YES_ERROR;
				CLANG_WARN_DOCUMENTATION_COMMENTS = YES;
				CLANG_WARN_EMPTY_BODY = YES;
				CLANG_WARN_ENUM_CONVERSION = YES;
				CLANG_WARN_INFINITE_RECURSION = YES;
				CLANG_WARN_INT_CONVERSION = YES;
				CLANG_WARN_NON_LITERAL_NULL_CONVERSION = YES;
				CLANG_WARN_OBJC_IMPLICIT_RETAIN_SELF = YES;
				CLANG_WARN_OBJC_LITERAL_CONVERSION = YES;
				CLANG_WARN_OBJC_ROOT_CLASS = YES_ERROR;
				CLANG_WARN_QUOTED_INCLUDE_IN_FRAMEWORK_HEADER = YES;
				CLANG_WARN_RANGE_LOOP_ANALYSIS = YES;
				CLANG_WARN_STRICT_PROTOTYPES = YES;
				CLANG_WARN_SUSPICIOUS_MOVE = YES;
				CLANG_WARN_UNGUARDED_AVAILABILITY = YES_AGGRESSIVE;
				CLANG_WARN_UNREACHABLE_CODE = YES;
				CLANG_WARN__DUPLICATE_METHOD_MATCH = YES;
				COPY_PHASE_STRIP = NO;
				DEBUG_INFORMATION_FORMAT = "dwarf-with-dsym";
				ENABLE_NS_ASSERTIONS = NO;
				ENABLE_STRICT_OBJC_MSGSEND = YES;
				GCC_C_LANGUAGE_STANDARD = gnu11;
				GCC_NO_COMMON_BLOCKS = YES;
				GCC_WARN_64_TO_32_BIT_CONVERSION = YES;
				GCC_WARN_ABOUT_RETURN_TYPE = YES_ERROR;
				GCC_WARN_UNDECLARED_SELECTOR = YES;
				GCC_WARN_UNINITIALIZED_AUTOS = YES_AGGRESSIVE;
				GCC_WARN_UNUSED_FUNCTION = YES;
				GCC_WARN_UNUSED_VARIABLE = YES;
				IPHONEOS_DEPLOYMENT_TARGET = 14.0;
				MTL_ENABLE_DEBUG_INFO = NO;
				MTL_FAST_MATH = YES;
				SDKROOT = iphoneos;
				SWIFT_COMPILATION_MODE = wholemodule;
				SWIFT_OPTIMIZATION_LEVEL = "-O";
				VALIDATE_PRODUCT = YES;
			};
			name = Release;
		};
		82574FC12537B98C00EE3718 /* Debug */ = {
			isa = XCBuildConfiguration;
			buildSettings = {
				ASSETCATALOG_COMPILER_APPICON_NAME = AppIcon;
				ASSETCATALOG_COMPILER_GLOBAL_ACCENT_COLOR_NAME = AccentColor;
				CODE_SIGN_ENTITLEMENTS = "H4X0R News/H4X0R News.entitlements";
				CODE_SIGN_STYLE = Automatic;
				DEVELOPMENT_ASSET_PATHS = "\"H4X0R News/Preview Content\"";
				DEVELOPMENT_TEAM = 3W95UZ286M;
				ENABLE_PREVIEWS = YES;
				INFOPLIST_FILE = "H4X0R News/Info.plist";
				LD_RUNPATH_SEARCH_PATHS = (
					"$(inherited)",
					"@executable_path/Frameworks",
				);
				PRODUCT_BUNDLE_IDENTIFIER = "com.minadeorobin.H4X0R-News";
				PRODUCT_NAME = "$(TARGET_NAME)";
				SUPPORTS_MACCATALYST = NO;
				SWIFT_VERSION = 5.0;
				TARGETED_DEVICE_FAMILY = "1,2";
			};
			name = Debug;
		};
		82574FC22537B98C00EE3718 /* Release */ = {
			isa = XCBuildConfiguration;
			buildSettings = {
				ASSETCATALOG_COMPILER_APPICON_NAME = AppIcon;
				ASSETCATALOG_COMPILER_GLOBAL_ACCENT_COLOR_NAME = AccentColor;
				CODE_SIGN_ENTITLEMENTS = "H4X0R News/H4X0R News.entitlements";
				CODE_SIGN_STYLE = Automatic;
				DEVELOPMENT_ASSET_PATHS = "\"H4X0R News/Preview Content\"";
				DEVELOPMENT_TEAM = 3W95UZ286M;
				ENABLE_PREVIEWS = YES;
				INFOPLIST_FILE = "H4X0R News/Info.plist";
				LD_RUNPATH_SEARCH_PATHS = (
					"$(inherited)",
					"@executable_path/Frameworks",
				);
				PRODUCT_BUNDLE_IDENTIFIER = "com.minadeorobin.H4X0R-News";
				PRODUCT_NAME = "$(TARGET_NAME)";
				SUPPORTS_MACCATALYST = NO;
				SWIFT_VERSION = 5.0;
				TARGETED_DEVICE_FAMILY = "1,2";
			};
			name = Release;
		};
		82574FC42537B98C00EE3718 /* Debug */ = {
			isa = XCBuildConfiguration;
			buildSettings = {
				ALWAYS_EMBED_SWIFT_STANDARD_LIBRARIES = YES;
				BUNDLE_LOADER = "$(TEST_HOST)";
				CODE_SIGN_STYLE = Automatic;
				INFOPLIST_FILE = "H4X0R NewsTests/Info.plist";
				IPHONEOS_DEPLOYMENT_TARGET = 14.0;
				LD_RUNPATH_SEARCH_PATHS = (
					"$(inherited)",
					"@executable_path/Frameworks",
					"@loader_path/Frameworks",
				);
				PRODUCT_BUNDLE_IDENTIFIER = "com.minadeorobin.H4X0R-NewsTests";
				PRODUCT_NAME = "$(TARGET_NAME)";
				SWIFT_VERSION = 5.0;
				TARGETED_DEVICE_FAMILY = "1,2";
				TEST_HOST = "$(BUILT_PRODUCTS_DIR)/H4X0R News.app/H4X0R News";
			};
			name = Debug;
		};
		82574FC52537B98C00EE3718 /* Release */ = {
			isa = XCBuildConfiguration;
			buildSettings = {
				ALWAYS_EMBED_SWIFT_STANDARD_LIBRARIES = YES;
				BUNDLE_LOADER = "$(TEST_HOST)";
				CODE_SIGN_STYLE = Automatic;
				INFOPLIST_FILE = "H4X0R NewsTests/Info.plist";
				IPHONEOS_DEPLOYMENT_TARGET = 14.0;
				LD_RUNPATH_SEARCH_PATHS = (
					"$(inherited)",
					"@executable_path/Frameworks",
					"@loader_path/Frameworks",
				);
				PRODUCT_BUNDLE_IDENTIFIER = "com.minadeorobin.H4X0R-NewsTests";
				PRODUCT_NAME = "$(TARGET_NAME)";
				SWIFT_VERSION = 5.0;
				TARGETED_DEVICE_FAMILY = "1,2";
				TEST_HOST = "$(BUILT_PRODUCTS_DIR)/H4X0R News.app/H4X0R News";
			};
			name = Release;
		};
		82574FC72537B98C00EE3718 /* Debug */ = {
			isa = XCBuildConfiguration;
			buildSettings = {
				ALWAYS_EMBED_SWIFT_STANDARD_LIBRARIES = YES;
				CODE_SIGN_STYLE = Automatic;
				INFOPLIST_FILE = "H4X0R NewsUITests/Info.plist";
				LD_RUNPATH_SEARCH_PATHS = (
					"$(inherited)",
					"@executable_path/Frameworks",
					"@loader_path/Frameworks",
				);
				PRODUCT_BUNDLE_IDENTIFIER = "com.minadeorobin.H4X0R-NewsUITests";
				PRODUCT_NAME = "$(TARGET_NAME)";
				SWIFT_VERSION = 5.0;
				TARGETED_DEVICE_FAMILY = "1,2";
				TEST_TARGET_NAME = "H4X0R News";
			};
			name = Debug;
		};
		82574FC82537B98C00EE3718 /* Release */ = {
			isa = XCBuildConfiguration;
			buildSettings = {
				ALWAYS_EMBED_SWIFT_STANDARD_LIBRARIES = YES;
				CODE_SIGN_STYLE = Automatic;
				INFOPLIST_FILE = "H4X0R NewsUITests/Info.plist";
				LD_RUNPATH_SEARCH_PATHS = (
					"$(inherited)",
					"@executable_path/Frameworks",
					"@loader_path/Frameworks",
				);
				PRODUCT_BUNDLE_IDENTIFIER = "com.minadeorobin.H4X0R-NewsUITests";
				PRODUCT_NAME = "$(TARGET_NAME)";
				SWIFT_VERSION = 5.0;
				TARGETED_DEVICE_FAMILY = "1,2";
				TEST_TARGET_NAME = "H4X0R News";
			};
			name = Release;
		};
/* End XCBuildConfiguration section */

/* Begin XCConfigurationList section */
		82574F912537B98900EE3718 /* Build configuration list for PBXProject "H4X0R News" */ = {
			isa = XCConfigurationList;
			buildConfigurations = (
				82574FBE2537B98C00EE3718 /* Debug */,
				82574FBF2537B98C00EE3718 /* Release */,
			);
			defaultConfigurationIsVisible = 0;
			defaultConfigurationName = Release;
		};
		82574FC02537B98C00EE3718 /* Build configuration list for PBXNativeTarget "H4X0R News" */ = {
			isa = XCConfigurationList;
			buildConfigurations = (
				82574FC12537B98C00EE3718 /* Debug */,
				82574FC22537B98C00EE3718 /* Release */,
			);
			defaultConfigurationIsVisible = 0;
			defaultConfigurationName = Release;
		};
		82574FC32537B98C00EE3718 /* Build configuration list for PBXNativeTarget "H4X0R NewsTests" */ = {
			isa = XCConfigurationList;
			buildConfigurations = (
				82574FC42537B98C00EE3718 /* Debug */,
				82574FC52537B98C00EE3718 /* Release */,
			);
			defaultConfigurationIsVisible = 0;
			defaultConfigurationName = Release;
		};
		82574FC62537B98C00EE3718 /* Build configuration list for PBXNativeTarget "H4X0R NewsUITests" */ = {
			isa = XCConfigurationList;
			buildConfigurations = (
				82574FC72537B98C00EE3718 /* Debug */,
				82574FC82537B98C00EE3718 /* Release */,
			);
			defaultConfigurationIsVisible = 0;
			defaultConfigurationName = Release;
		};
/* End XCConfigurationList section */
	};
	rootObject = 82574F8E2537B98900EE3718 /* Project object */;
}
