// !$*UTF8*$!
{
	archiveVersion = 1;
	classes = {
	};
	objectVersion = 50;
	objects = {

/* Begin PBXBuildFile section */
		82955FCB24993EE800F421FF /* AppDelegate.swift in Sources */ = {isa = PBXBuildFile; fileRef = 82955FCA24993EE800F421FF /* AppDelegate.swift */; };
		82955FCD24993EE800F421FF /* SceneDelegate.swift in Sources */ = {isa = PBXBuildFile; fileRef = 82955FCC24993EE800F421FF /* SceneDelegate.swift */; };
		82955FCF24993EE800F421FF /* ViewController.swift in Sources */ = {isa = PBXBuildFile; fileRef = 82955FCE24993EE800F421FF /* ViewController.swift */; };
		82955FD224993EE800F421FF /* Main.storyboard in Resources */ = {isa = PBXBuildFile; fileRef = 82955FD024993EE800F421FF /* Main.storyboard */; };
		82955FD424993EE900F421FF /* Assets.xcassets in Resources */ = {isa = PBXBuildFile; fileRef = 82955FD324993EE900F421FF /* Assets.xcassets */; };
		82955FD724993EE900F421FF /* LaunchScreen.storyboard in Resources */ = {isa = PBXBuildFile; fileRef = 82955FD524993EE900F421FF /* LaunchScreen.storyboard */; };
		82955FE224993EE900F421FF /* EggTimerTests.swift in Sources */ = {isa = PBXBuildFile; fileRef = 82955FE124993EE900F421FF /* EggTimerTests.swift */; };
		82955FED24993EE900F421FF /* EggTimerUITests.swift in Sources */ = {isa = PBXBuildFile; fileRef = 82955FEC24993EE900F421FF /* EggTimerUITests.swift */; };
		82955FFB2499531B00F421FF /* alarm_sound.mp3 in Resources */ = {isa = PBXBuildFile; fileRef = 82955FFA2499531B00F421FF /* alarm_sound.mp3 */; };
/* End PBXBuildFile section */

/* Begin PBXContainerItemProxy section */
		82955FDE24993EE900F421FF /* PBXContainerItemProxy */ = {
			isa = PBXContainerItemProxy;
			containerPortal = 82955FBF24993EE800F421FF /* Project object */;
			proxyType = 1;
			remoteGlobalIDString = 82955FC624993EE800F421FF;
			remoteInfo = EggTimer;
		};
		82955FE924993EE900F421FF /* PBXContainerItemProxy */ = {
			isa = PBXContainerItemProxy;
			containerPortal = 82955FBF24993EE800F421FF /* Project object */;
			proxyType = 1;
			remoteGlobalIDString = 82955FC624993EE800F421FF;
			remoteInfo = EggTimer;
		};
/* End PBXContainerItemProxy section */

/* Begin PBXFileReference section */
		82955FC724993EE800F421FF /* EggTimer.app */ = {isa = PBXFileReference; explicitFileType = wrapper.application; includeInIndex = 0; path = EggTimer.app; sourceTree = BUILT_PRODUCTS_DIR; };
		82955FCA24993EE800F421FF /* AppDelegate.swift */ = {isa = PBXFileReference; lastKnownFileType = sourcecode.swift; path = AppDelegate.swift; sourceTree = "<group>"; };
		82955FCC24993EE800F421FF /* SceneDelegate.swift */ = {isa = PBXFileReference; lastKnownFileType = sourcecode.swift; path = SceneDelegate.swift; sourceTree = "<group>"; };
		82955FCE24993EE800F421FF /* ViewController.swift */ = {isa = PBXFileReference; lastKnownFileType = sourcecode.swift; path = ViewController.swift; sourceTree = "<group>"; };
		82955FD124993EE800F421FF /* Base */ = {isa = PBXFileReference; lastKnownFileType = file.storyboard; name = Base; path = Base.lproj/Main.storyboard; sourceTree = "<group>"; };
		82955FD324993EE900F421FF /* Assets.xcassets */ = {isa = PBXFileReference; lastKnownFileType = folder.assetcatalog; path = Assets.xcassets; sourceTree = "<group>"; };
		82955FD624993EE900F421FF /* Base */ = {isa = PBXFileReference; lastKnownFileType = file.storyboard; name = Base; path = Base.lproj/LaunchScreen.storyboard; sourceTree = "<group>"; };
		82955FD824993EE900F421FF /* Info.plist */ = {isa = PBXFileReference; lastKnownFileType = text.plist.xml; path = Info.plist; sourceTree = "<group>"; };
		82955FDD24993EE900F421FF /* EggTimerTests.xctest */ = {isa = PBXFileReference; explicitFileType = wrapper.cfbundle; includeInIndex = 0; path = EggTimerTests.xctest; sourceTree = BUILT_PRODUCTS_DIR; };
		82955FE124993EE900F421FF /* EggTimerTests.swift */ = {isa = PBXFileReference; lastKnownFileType = sourcecode.swift; path = EggTimerTests.swift; sourceTree = "<group>"; };
		82955FE324993EE900F421FF /* Info.plist */ = {isa = PBXFileReference; lastKnownFileType = text.plist.xml; path = Info.plist; sourceTree = "<group>"; };
		82955FE824993EE900F421FF /* EggTimerUITests.xctest */ = {isa = PBXFileReference; explicitFileType = wrapper.cfbundle; includeInIndex = 0; path = EggTimerUITests.xctest; sourceTree = BUILT_PRODUCTS_DIR; };
		82955FEC24993EE900F421FF /* EggTimerUITests.swift */ = {isa = PBXFileReference; lastKnownFileType = sourcecode.swift; path = EggTimerUITests.swift; sourceTree = "<group>"; };
		82955FEE24993EE900F421FF /* Info.plist */ = {isa = PBXFileReference; lastKnownFileType = text.plist.xml; path = Info.plist; sourceTree = "<group>"; };
		82955FFA2499531B00F421FF /* alarm_sound.mp3 */ = {isa = PBXFileReference; lastKnownFileType = audio.mp3; path = alarm_sound.mp3; sourceTree = "<group>"; };
/* End PBXFileReference section */

/* Begin PBXFrameworksBuildPhase section */
		82955FC424993EE800F421FF /* Frameworks */ = {
			isa = PBXFrameworksBuildPhase;
			buildActionMask = 2147483647;
			files = (
			);
			runOnlyForDeploymentPostprocessing = 0;
		};
		82955FDA24993EE900F421FF /* Frameworks */ = {
			isa = PBXFrameworksBuildPhase;
			buildActionMask = 2147483647;
			files = (
			);
			runOnlyForDeploymentPostprocessing = 0;
		};
		82955FE524993EE900F421FF /* Frameworks */ = {
			isa = PBXFrameworksBuildPhase;
			buildActionMask = 2147483647;
			files = (
			);
			runOnlyForDeploymentPostprocessing = 0;
		};
/* End PBXFrameworksBuildPhase section */

/* Begin PBXGroup section */
		82955FBE24993EE800F421FF = {
			isa = PBXGroup;
			children = (
				82955FC924993EE800F421FF /* EggTimer */,
				82955FE024993EE900F421FF /* EggTimerTests */,
				82955FEB24993EE900F421FF /* EggTimerUITests */,
				82955FC824993EE800F421FF /* Products */,
			);
			sourceTree = "<group>";
		};
		82955FC824993EE800F421FF /* Products */ = {
			isa = PBXGroup;
			children = (
				82955FC724993EE800F421FF /* EggTimer.app */,
				82955FDD24993EE900F421FF /* EggTimerTests.xctest */,
				82955FE824993EE900F421FF /* EggTimerUITests.xctest */,
			);
			name = Products;
			sourceTree = "<group>";
		};
		82955FC924993EE800F421FF /* EggTimer */ = {
			isa = PBXGroup;
			children = (
				82955FCA24993EE800F421FF /* AppDelegate.swift */,
				82955FCC24993EE800F421FF /* SceneDelegate.swift */,
				82955FCE24993EE800F421FF /* ViewController.swift */,
				82955FD024993EE800F421FF /* Main.storyboard */,
				82955FD324993EE900F421FF /* Assets.xcassets */,
				82955FD524993EE900F421FF /* LaunchScreen.storyboard */,
				82955FD824993EE900F421FF /* Info.plist */,
				82955FFA2499531B00F421FF /* alarm_sound.mp3 */,
			);
			path = EggTimer;
			sourceTree = "<group>";
		};
		82955FE024993EE900F421FF /* EggTimerTests */ = {
			isa = PBXGroup;
			children = (
				82955FE124993EE900F421FF /* EggTimerTests.swift */,
				82955FE324993EE900F421FF /* Info.plist */,
			);
			path = EggTimerTests;
			sourceTree = "<group>";
		};
		82955FEB24993EE900F421FF /* EggTimerUITests */ = {
			isa = PBXGroup;
			children = (
				82955FEC24993EE900F421FF /* EggTimerUITests.swift */,
				82955FEE24993EE900F421FF /* Info.plist */,
			);
			path = EggTimerUITests;
			sourceTree = "<group>";
		};
/* End PBXGroup section */

/* Begin PBXNativeTarget section */
		82955FC624993EE800F421FF /* EggTimer */ = {
			isa = PBXNativeTarget;
			buildConfigurationList = 82955FF124993EE900F421FF /* Build configuration list for PBXNativeTarget "EggTimer" */;
			buildPhases = (
				82955FC324993EE800F421FF /* Sources */,
				82955FC424993EE800F421FF /* Frameworks */,
				82955FC524993EE800F421FF /* Resources */,
			);
			buildRules = (
			);
			dependencies = (
			);
			name = EggTimer;
			productName = EggTimer;
			productReference = 82955FC724993EE800F421FF /* EggTimer.app */;
			productType = "com.apple.product-type.application";
		};
		82955FDC24993EE900F421FF /* EggTimerTests */ = {
			isa = PBXNativeTarget;
			buildConfigurationList = 82955FF424993EE900F421FF /* Build configuration list for PBXNativeTarget "EggTimerTests" */;
			buildPhases = (
				82955FD924993EE900F421FF /* Sources */,
				82955FDA24993EE900F421FF /* Frameworks */,
				82955FDB24993EE900F421FF /* Resources */,
			);
			buildRules = (
			);
			dependencies = (
				82955FDF24993EE900F421FF /* PBXTargetDependency */,
			);
			name = EggTimerTests;
			productName = EggTimerTests;
			productReference = 82955FDD24993EE900F421FF /* EggTimerTests.xctest */;
			productType = "com.apple.product-type.bundle.unit-test";
		};
		82955FE724993EE900F421FF /* EggTimerUITests */ = {
			isa = PBXNativeTarget;
			buildConfigurationList = 82955FF724993EE900F421FF /* Build configuration list for PBXNativeTarget "EggTimerUITests" */;
			buildPhases = (
				82955FE424993EE900F421FF /* Sources */,
				82955FE524993EE900F421FF /* Frameworks */,
				82955FE624993EE900F421FF /* Resources */,
			);
			buildRules = (
			);
			dependencies = (
				82955FEA24993EE900F421FF /* PBXTargetDependency */,
			);
			name = EggTimerUITests;
			productName = EggTimerUITests;
			productReference = 82955FE824993EE900F421FF /* EggTimerUITests.xctest */;
			productType = "com.apple.product-type.bundle.ui-testing";
		};
/* End PBXNativeTarget section */

/* Begin PBXProject section */
		82955FBF24993EE800F421FF /* Project object */ = {
			isa = PBXProject;
			attributes = {
				LastSwiftUpdateCheck = 1150;
				LastUpgradeCheck = 1150;
				ORGANIZATIONNAME = "Minadeo Robin";
				TargetAttributes = {
					82955FC624993EE800F421FF = {
						CreatedOnToolsVersion = 11.5;
					};
					82955FDC24993EE900F421FF = {
						CreatedOnToolsVersion = 11.5;
						TestTargetID = 82955FC624993EE800F421FF;
					};
					82955FE724993EE900F421FF = {
						CreatedOnToolsVersion = 11.5;
						TestTargetID = 82955FC624993EE800F421FF;
					};
				};
			};
			buildConfigurationList = 82955FC224993EE800F421FF /* Build configuration list for PBXProject "EggTimer" */;
			compatibilityVersion = "Xcode 9.3";
			developmentRegion = en;
			hasScannedForEncodings = 0;
			knownRegions = (
				en,
				Base,
			);
			mainGroup = 82955FBE24993EE800F421FF;
			productRefGroup = 82955FC824993EE800F421FF /* Products */;
			projectDirPath = "";
			projectRoot = "";
			targets = (
				82955FC624993EE800F421FF /* EggTimer */,
				82955FDC24993EE900F421FF /* EggTimerTests */,
				82955FE724993EE900F421FF /* EggTimerUITests */,
			);
		};
/* End PBXProject section */

/* Begin PBXResourcesBuildPhase section */
		82955FC524993EE800F421FF /* Resources */ = {
			isa = PBXResourcesBuildPhase;
			buildActionMask = 2147483647;
			files = (
				82955FD724993EE900F421FF /* LaunchScreen.storyboard in Resources */,
				82955FD424993EE900F421FF /* Assets.xcassets in Resources */,
				82955FFB2499531B00F421FF /* alarm_sound.mp3 in Resources */,
				82955FD224993EE800F421FF /* Main.storyboard in Resources */,
			);
			runOnlyForDeploymentPostprocessing = 0;
		};
		82955FDB24993EE900F421FF /* Resources */ = {
			isa = PBXResourcesBuildPhase;
			buildActionMask = 2147483647;
			files = (
			);
			runOnlyForDeploymentPostprocessing = 0;
		};
		82955FE624993EE900F421FF /* Resources */ = {
			isa = PBXResourcesBuildPhase;
			buildActionMask = 2147483647;
			files = (
			);
			runOnlyForDeploymentPostprocessing = 0;
		};
/* End PBXResourcesBuildPhase section */

/* Begin PBXSourcesBuildPhase section */
		82955FC324993EE800F421FF /* Sources */ = {
			isa = PBXSourcesBuildPhase;
			buildActionMask = 2147483647;
			files = (
				82955FCF24993EE800F421FF /* ViewController.swift in Sources */,
				82955FCB24993EE800F421FF /* AppDelegate.swift in Sources */,
				82955FCD24993EE800F421FF /* SceneDelegate.swift in Sources */,
			);
			runOnlyForDeploymentPostprocessing = 0;
		};
		82955FD924993EE900F421FF /* Sources */ = {
			isa = PBXSourcesBuildPhase;
			buildActionMask = 2147483647;
			files = (
				82955FE224993EE900F421FF /* EggTimerTests.swift in Sources */,
			);
			runOnlyForDeploymentPostprocessing = 0;
		};
		82955FE424993EE900F421FF /* Sources */ = {
			isa = PBXSourcesBuildPhase;
			buildActionMask = 2147483647;
			files = (
				82955FED24993EE900F421FF /* EggTimerUITests.swift in Sources */,
			);
			runOnlyForDeploymentPostprocessing = 0;
		};
/* End PBXSourcesBuildPhase section */

/* Begin PBXTargetDependency section */
		82955FDF24993EE900F421FF /* PBXTargetDependency */ = {
			isa = PBXTargetDependency;
			target = 82955FC624993EE800F421FF /* EggTimer */;
			targetProxy = 82955FDE24993EE900F421FF /* PBXContainerItemProxy */;
		};
		82955FEA24993EE900F421FF /* PBXTargetDependency */ = {
			isa = PBXTargetDependency;
			target = 82955FC624993EE800F421FF /* EggTimer */;
			targetProxy = 82955FE924993EE900F421FF /* PBXContainerItemProxy */;
		};
/* End PBXTargetDependency section */

/* Begin PBXVariantGroup section */
		82955FD024993EE800F421FF /* Main.storyboard */ = {
			isa = PBXVariantGroup;
			children = (
				82955FD124993EE800F421FF /* Base */,
			);
			name = Main.storyboard;
			sourceTree = "<group>";
		};
		82955FD524993EE900F421FF /* LaunchScreen.storyboard */ = {
			isa = PBXVariantGroup;
			children = (
				82955FD624993EE900F421FF /* Base */,
			);
			name = LaunchScreen.storyboard;
			sourceTree = "<group>";
		};
/* End PBXVariantGroup section */

/* Begin XCBuildConfiguration section */
		82955FEF24993EE900F421FF /* Debug */ = {
			isa = XCBuildConfiguration;
			buildSettings = {
				ALWAYS_SEARCH_USER_PATHS = NO;
				CLANG_ANALYZER_NONNULL = YES;
				CLANG_ANALYZER_NUMBER_OBJECT_CONVERSION = YES_AGGRESSIVE;
				CLANG_CXX_LANGUAGE_STANDARD = "gnu++14";
				CLANG_CXX_LIBRARY = "libc++";
				CLANG_ENABLE_MODULES = YES;
				CLANG_ENABLE_OBJC_ARC = YES;
				CLANG_ENABLE_OBJC_WEAK = YES;
				CLANG_WARN_BLOCK_CAPTURE_AUTORELEASING = YES;
				CLANG_WARN_BOOL_CONVERSION = YES;
				CLANG_WARN_COMMA = YES;
				CLANG_WARN_CONSTANT_CONVERSION = YES;
				CLANG_WARN_DEPRECATED_OBJC_IMPLEMENTATIONS = YES;
				CLANG_WARN_DIRECT_OBJC_ISA_USAGE = YES_ERROR;
				CLANG_WARN_DOCUMENTATION_COMMENTS = YES;
				CLANG_WARN_EMPTY_BODY = YES;
				CLANG_WARN_ENUM_CONVERSION = YES;
				CLANG_WARN_INFINITE_RECURSION = YES;
				CLANG_WARN_INT_CONVERSION = YES;
				CLANG_WARN_NON_LITERAL_NULL_CONVERSION = YES;
				CLANG_WARN_OBJC_IMPLICIT_RETAIN_SELF = YES;
				CLANG_WARN_OBJC_LITERAL_CONVERSION = YES;
				CLANG_WARN_OBJC_ROOT_CLASS = YES_ERROR;
				CLANG_WARN_RANGE_LOOP_ANALYSIS = YES;
				CLANG_WARN_STRICT_PROTOTYPES = YES;
				CLANG_WARN_SUSPICIOUS_MOVE = YES;
				CLANG_WARN_UNGUARDED_AVAILABILITY = YES_AGGRESSIVE;
				CLANG_WARN_UNREACHABLE_CODE = YES;
				CLANG_WARN__DUPLICATE_METHOD_MATCH = YES;
				COPY_PHASE_STRIP = NO;
				DEBUG_INFORMATION_FORMAT = dwarf;
				ENABLE_STRICT_OBJC_MSGSEND = YES;
				ENABLE_TESTABILITY = YES;
				GCC_C_LANGUAGE_STANDARD = gnu11;
				GCC_DYNAMIC_NO_PIC = NO;
				GCC_NO_COMMON_BLOCKS = YES;
				GCC_OPTIMIZATION_LEVEL = 0;
				GCC_PREPROCESSOR_DEFINITIONS = (
					"DEBUG=1",
					"$(inherited)",
				);
				GCC_WARN_64_TO_32_BIT_CONVERSION = YES;
				GCC_WARN_ABOUT_RETURN_TYPE = YES_ERROR;
				GCC_WARN_UNDECLARED_SELECTOR = YES;
				GCC_WARN_UNINITIALIZED_AUTOS = YES_AGGRESSIVE;
				GCC_WARN_UNUSED_FUNCTION = YES;
				GCC_WARN_UNUSED_VARIABLE = YES;
				IPHONEOS_DEPLOYMENT_TARGET = 13.5;
				MTL_ENABLE_DEBUG_INFO = INCLUDE_SOURCE;
				MTL_FAST_MATH = YES;
				ONLY_ACTIVE_ARCH = YES;
				SDKROOT = iphoneos;
				SWIFT_ACTIVE_COMPILATION_CONDITIONS = DEBUG;
				SWIFT_OPTIMIZATION_LEVEL = "-Onone";
			};
			name = Debug;
		};
		82955FF024993EE900F421FF /* Release */ = {
			isa = XCBuildConfiguration;
			buildSettings = {
				ALWAYS_SEARCH_USER_PATHS = NO;
				CLANG_ANALYZER_NONNULL = YES;
				CLANG_ANALYZER_NUMBER_OBJECT_CONVERSION = YES_AGGRESSIVE;
				CLANG_CXX_LANGUAGE_STANDARD = "gnu++14";
				CLANG_CXX_LIBRARY = "libc++";
				CLANG_ENABLE_MODULES = YES;
				CLANG_ENABLE_OBJC_ARC = YES;
				CLANG_ENABLE_OBJC_WEAK = YES;
				CLANG_WARN_BLOCK_CAPTURE_AUTORELEASING = YES;
				CLANG_WARN_BOOL_CONVERSION = YES;
				CLANG_WARN_COMMA = YES;
				CLANG_WARN_CONSTANT_CONVERSION = YES;
				CLANG_WARN_DEPRECATED_OBJC_IMPLEMENTATIONS = YES;
				CLANG_WARN_DIRECT_OBJC_ISA_USAGE = YES_ERROR;
				CLANG_WARN_DOCUMENTATION_COMMENTS = YES;
				CLANG_WARN_EMPTY_BODY = YES;
				CLANG_WARN_ENUM_CONVERSION = YES;
				CLANG_WARN_INFINITE_RECURSION = YES;
				CLANG_WARN_INT_CONVERSION = YES;
				CLANG_WARN_NON_LITERAL_NULL_CONVERSION = YES;
				CLANG_WARN_OBJC_IMPLICIT_RETAIN_SELF = YES;
				CLANG_WARN_OBJC_LITERAL_CONVERSION = YES;
				CLANG_WARN_OBJC_ROOT_CLASS = YES_ERROR;
				CLANG_WARN_RANGE_LOOP_ANALYSIS = YES;
				CLANG_WARN_STRICT_PROTOTYPES = YES;
				CLANG_WARN_SUSPICIOUS_MOVE = YES;
				CLANG_WARN_UNGUARDED_AVAILABILITY = YES_AGGRESSIVE;
				CLANG_WARN_UNREACHABLE_CODE = YES;
				CLANG_WARN__DUPLICATE_METHOD_MATCH = YES;
				COPY_PHASE_STRIP = NO;
				DEBUG_INFORMATION_FORMAT = "dwarf-with-dsym";
				ENABLE_NS_ASSERTIONS = NO;
				ENABLE_STRICT_OBJC_MSGSEND = YES;
				GCC_C_LANGUAGE_STANDARD = gnu11;
				GCC_NO_COMMON_BLOCKS = YES;
				GCC_WARN_64_TO_32_BIT_CONVERSION = YES;
				GCC_WARN_ABOUT_RETURN_TYPE = YES_ERROR;
				GCC_WARN_UNDECLARED_SELECTOR = YES;
				GCC_WARN_UNINITIALIZED_AUTOS = YES_AGGRESSIVE;
				GCC_WARN_UNUSED_FUNCTION = YES;
				GCC_WARN_UNUSED_VARIABLE = YES;
				IPHONEOS_DEPLOYMENT_TARGET = 13.5;
				MTL_ENABLE_DEBUG_INFO = NO;
				MTL_FAST_MATH = YES;
				SDKROOT = iphoneos;
				SWIFT_COMPILATION_MODE = wholemodule;
				SWIFT_OPTIMIZATION_LEVEL = "-O";
				VALIDATE_PRODUCT = YES;
			};
			name = Release;
		};
		82955FF224993EE900F421FF /* Debug */ = {
			isa = XCBuildConfiguration;
			buildSettings = {
				ASSETCATALOG_COMPILER_APPICON_NAME = AppIcon;
				CODE_SIGN_STYLE = Automatic;
				INFOPLIST_FILE = EggTimer/Info.plist;
				LD_RUNPATH_SEARCH_PATHS = (
					"$(inherited)",
					"@executable_path/Frameworks",
				);
				PRODUCT_BUNDLE_IDENTIFIER = com.minadeorobin.EggTimer;
				PRODUCT_NAME = "$(TARGET_NAME)";
				SWIFT_VERSION = 5.0;
				TARGETED_DEVICE_FAMILY = "1,2";
			};
			name = Debug;
		};
		82955FF324993EE900F421FF /* Release */ = {
			isa = XCBuildConfiguration;
			buildSettings = {
				ASSETCATALOG_COMPILER_APPICON_NAME = AppIcon;
				CODE_SIGN_STYLE = Automatic;
				INFOPLIST_FILE = EggTimer/Info.plist;
				LD_RUNPATH_SEARCH_PATHS = (
					"$(inherited)",
					"@executable_path/Frameworks",
				);
				PRODUCT_BUNDLE_IDENTIFIER = com.minadeorobin.EggTimer;
				PRODUCT_NAME = "$(TARGET_NAME)";
				SWIFT_VERSION = 5.0;
				TARGETED_DEVICE_FAMILY = "1,2";
			};
			name = Release;
		};
		82955FF524993EE900F421FF /* Debug */ = {
			isa = XCBuildConfiguration;
			buildSettings = {
				ALWAYS_EMBED_SWIFT_STANDARD_LIBRARIES = YES;
				BUNDLE_LOADER = "$(TEST_HOST)";
				CODE_SIGN_STYLE = Automatic;
				INFOPLIST_FILE = EggTimerTests/Info.plist;
				IPHONEOS_DEPLOYMENT_TARGET = 13.5;
				LD_RUNPATH_SEARCH_PATHS = (
					"$(inherited)",
					"@executable_path/Frameworks",
					"@loader_path/Frameworks",
				);
				PRODUCT_BUNDLE_IDENTIFIER = com.minadeorobin.EggTimerTests;
				PRODUCT_NAME = "$(TARGET_NAME)";
				SWIFT_VERSION = 5.0;
				TARGETED_DEVICE_FAMILY = "1,2";
				TEST_HOST = "$(BUILT_PRODUCTS_DIR)/EggTimer.app/EggTimer";
			};
			name = Debug;
		};
		82955FF624993EE900F421FF /* Release */ = {
			isa = XCBuildConfiguration;
			buildSettings = {
				ALWAYS_EMBED_SWIFT_STANDARD_LIBRARIES = YES;
				BUNDLE_LOADER = "$(TEST_HOST)";
				CODE_SIGN_STYLE = Automatic;
				INFOPLIST_FILE = EggTimerTests/Info.plist;
				IPHONEOS_DEPLOYMENT_TARGET = 13.5;
				LD_RUNPATH_SEARCH_PATHS = (
					"$(inherited)",
					"@executable_path/Frameworks",
					"@loader_path/Frameworks",
				);
				PRODUCT_BUNDLE_IDENTIFIER = com.minadeorobin.EggTimerTests;
				PRODUCT_NAME = "$(TARGET_NAME)";
				SWIFT_VERSION = 5.0;
				TARGETED_DEVICE_FAMILY = "1,2";
				TEST_HOST = "$(BUILT_PRODUCTS_DIR)/EggTimer.app/EggTimer";
			};
			name = Release;
		};
		82955FF824993EE900F421FF /* Debug */ = {
			isa = XCBuildConfiguration;
			buildSettings = {
				ALWAYS_EMBED_SWIFT_STANDARD_LIBRARIES = YES;
				CODE_SIGN_STYLE = Automatic;
				INFOPLIST_FILE = EggTimerUITests/Info.plist;
				LD_RUNPATH_SEARCH_PATHS = (
					"$(inherited)",
					"@executable_path/Frameworks",
					"@loader_path/Frameworks",
				);
				PRODUCT_BUNDLE_IDENTIFIER = com.minadeorobin.EggTimerUITests;
				PRODUCT_NAME = "$(TARGET_NAME)";
				SWIFT_VERSION = 5.0;
				TARGETED_DEVICE_FAMILY = "1,2";
				TEST_TARGET_NAME = EggTimer;
			};
			name = Debug;
		};
		82955FF924993EE900F421FF /* Release */ = {
			isa = XCBuildConfiguration;
			buildSettings = {
				ALWAYS_EMBED_SWIFT_STANDARD_LIBRARIES = YES;
				CODE_SIGN_STYLE = Automatic;
				INFOPLIST_FILE = EggTimerUITests/Info.plist;
				LD_RUNPATH_SEARCH_PATHS = (
					"$(inherited)",
					"@executable_path/Frameworks",
					"@loader_path/Frameworks",
				);
				PRODUCT_BUNDLE_IDENTIFIER = com.minadeorobin.EggTimerUITests;
				PRODUCT_NAME = "$(TARGET_NAME)";
				SWIFT_VERSION = 5.0;
				TARGETED_DEVICE_FAMILY = "1,2";
				TEST_TARGET_NAME = EggTimer;
			};
			name = Release;
		};
/* End XCBuildConfiguration section */

/* Begin XCConfigurationList section */
		82955FC224993EE800F421FF /* Build configuration list for PBXProject "EggTimer" */ = {
			isa = XCConfigurationList;
			buildConfigurations = (
				82955FEF24993EE900F421FF /* Debug */,
				82955FF024993EE900F421FF /* Release */,
			);
			defaultConfigurationIsVisible = 0;
			defaultConfigurationName = Release;
		};
		82955FF124993EE900F421FF /* Build configuration list for PBXNativeTarget "EggTimer" */ = {
			isa = XCConfigurationList;
			buildConfigurations = (
				82955FF224993EE900F421FF /* Debug */,
				82955FF324993EE900F421FF /* Release */,
			);
			defaultConfigurationIsVisible = 0;
			defaultConfigurationName = Release;
		};
		82955FF424993EE900F421FF /* Build configuration list for PBXNativeTarget "EggTimerTests" */ = {
			isa = XCConfigurationList;
			buildConfigurations = (
				82955FF524993EE900F421FF /* Debug */,
				82955FF624993EE900F421FF /* Release */,
			);
			defaultConfigurationIsVisible = 0;
			defaultConfigurationName = Release;
		};
		82955FF724993EE900F421FF /* Build configuration list for PBXNativeTarget "EggTimerUITests" */ = {
			isa = XCConfigurationList;
			buildConfigurations = (
				82955FF824993EE900F421FF /* Debug */,
				82955FF924993EE900F421FF /* Release */,
			);
			defaultConfigurationIsVisible = 0;
			defaultConfigurationName = Release;
		};
/* End XCConfigurationList section */
	};
	rootObject = 82955FBF24993EE800F421FF /* Project object */;
}
